// !$*UTF8*$!
{
	archiveVersion = 1;
	classes = {
	};
	objectVersion = 46;
	objects = {

/* Begin PBXBuildFile section */
		3F38EB431CCA6B9B006CF8D4 /* MMPReactiveCoreLocation.h in Headers */ = {isa = PBXBuildFile; fileRef = 3F38EB3D1CCA6B9B006CF8D4 /* MMPReactiveCoreLocation.h */; settings = {ATTRIBUTES = (Public, ); }; };
		3F38EB441CCA6B9B006CF8D4 /* MMPReactiveCoreLocation.m in Sources */ = {isa = PBXBuildFile; fileRef = 3F38EB3E1CCA6B9B006CF8D4 /* MMPReactiveCoreLocation.m */; };
		3F38EB451CCA6B9B006CF8D4 /* MMPRegionEvent.h in Headers */ = {isa = PBXBuildFile; fileRef = 3F38EB3F1CCA6B9B006CF8D4 /* MMPRegionEvent.h */; settings = {ATTRIBUTES = (Public, ); }; };
		3F38EB461CCA6B9B006CF8D4 /* MMPRegionEvent.m in Sources */ = {isa = PBXBuildFile; fileRef = 3F38EB401CCA6B9B006CF8D4 /* MMPRegionEvent.m */; };
		3F38EB471CCA6B9B006CF8D4 /* MMPResourceTracker.h in Headers */ = {isa = PBXBuildFile; fileRef = 3F38EB411CCA6B9B006CF8D4 /* MMPResourceTracker.h */; settings = {ATTRIBUTES = (Public, ); }; };
		3F38EB481CCA6B9B006CF8D4 /* MMPResourceTracker.m in Sources */ = {isa = PBXBuildFile; fileRef = 3F38EB421CCA6B9B006CF8D4 /* MMPResourceTracker.m */; };
		3F38EB4B1CCA6CBB006CF8D4 /* CoreLocation.framework in Frameworks */ = {isa = PBXBuildFile; fileRef = 3F38EB4A1CCA6CBB006CF8D4 /* CoreLocation.framework */; };
		3F38EB4D1CCA6CDB006CF8D4 /* ReactiveCocoa.framework in Frameworks */ = {isa = PBXBuildFile; fileRef = 3F38EB4C1CCA6CDB006CF8D4 /* ReactiveCocoa.framework */; };
/* End PBXBuildFile section */

/* Begin PBXFileReference section */
		3F38EB321CCA6949006CF8D4 /* MMPReactiveCoreLocation.framework */ = {isa = PBXFileReference; explicitFileType = wrapper.framework; includeInIndex = 0; path = MMPReactiveCoreLocation.framework; sourceTree = BUILT_PRODUCTS_DIR; };
		3F38EB371CCA6949006CF8D4 /* Info.plist */ = {isa = PBXFileReference; lastKnownFileType = text.plist.xml; path = Info.plist; sourceTree = "<group>"; };
		3F38EB3D1CCA6B9B006CF8D4 /* MMPReactiveCoreLocation.h */ = {isa = PBXFileReference; fileEncoding = 4; lastKnownFileType = sourcecode.c.h; path = MMPReactiveCoreLocation.h; sourceTree = "<group>"; };
		3F38EB3E1CCA6B9B006CF8D4 /* MMPReactiveCoreLocation.m */ = {isa = PBXFileReference; fileEncoding = 4; lastKnownFileType = sourcecode.c.objc; path = MMPReactiveCoreLocation.m; sourceTree = "<group>"; };
		3F38EB3F1CCA6B9B006CF8D4 /* MMPRegionEvent.h */ = {isa = PBXFileReference; fileEncoding = 4; lastKnownFileType = sourcecode.c.h; path = MMPRegionEvent.h; sourceTree = "<group>"; };
		3F38EB401CCA6B9B006CF8D4 /* MMPRegionEvent.m */ = {isa = PBXFileReference; fileEncoding = 4; lastKnownFileType = sourcecode.c.objc; path = MMPRegionEvent.m; sourceTree = "<group>"; };
		3F38EB411CCA6B9B006CF8D4 /* MMPResourceTracker.h */ = {isa = PBXFileReference; fileEncoding = 4; lastKnownFileType = sourcecode.c.h; path = MMPResourceTracker.h; sourceTree = "<group>"; };
		3F38EB421CCA6B9B006CF8D4 /* MMPResourceTracker.m */ = {isa = PBXFileReference; fileEncoding = 4; lastKnownFileType = sourcecode.c.objc; path = MMPResourceTracker.m; sourceTree = "<group>"; };
		3F38EB4A1CCA6CBB006CF8D4 /* CoreLocation.framework */ = {isa = PBXFileReference; lastKnownFileType = wrapper.framework; name = CoreLocation.framework; path = System/Library/Frameworks/CoreLocation.framework; sourceTree = SDKROOT; };
		3F38EB4C1CCA6CDB006CF8D4 /* ReactiveCocoa.framework */ = {isa = PBXFileReference; lastKnownFileType = wrapper.framework; name = ReactiveCocoa.framework; path = Carthage/Build/iOS/ReactiveCocoa.framework; sourceTree = "<group>"; };
/* End PBXFileReference section */

/* Begin PBXFrameworksBuildPhase section */
		3F38EB2E1CCA6949006CF8D4 /* Frameworks */ = {
			isa = PBXFrameworksBuildPhase;
			buildActionMask = 2147483647;
			files = (
				3F38EB4B1CCA6CBB006CF8D4 /* CoreLocation.framework in Frameworks */,
				3F38EB4D1CCA6CDB006CF8D4 /* ReactiveCocoa.framework in Frameworks */,
			);
			runOnlyForDeploymentPostprocessing = 0;
		};
/* End PBXFrameworksBuildPhase section */

/* Begin PBXGroup section */
		3F38EB281CCA6949006CF8D4 = {
			isa = PBXGroup;
			children = (
				3F38EB491CCA6C98006CF8D4 /* Frameworks */,
				3F38EB341CCA6949006CF8D4 /* MMPReactiveCoreLocation */,
				3F38EB331CCA6949006CF8D4 /* Products */,
			);
			sourceTree = "<group>";
		};
		3F38EB331CCA6949006CF8D4 /* Products */ = {
			isa = PBXGroup;
			children = (
				3F38EB321CCA6949006CF8D4 /* MMPReactiveCoreLocation.framework */,
			);
			name = Products;
			sourceTree = "<group>";
		};
		3F38EB341CCA6949006CF8D4 /* MMPReactiveCoreLocation */ = {
			isa = PBXGroup;
			children = (
				3F38EB3D1CCA6B9B006CF8D4 /* MMPReactiveCoreLocation.h */,
				3F38EB3E1CCA6B9B006CF8D4 /* MMPReactiveCoreLocation.m */,
				3F38EB3F1CCA6B9B006CF8D4 /* MMPRegionEvent.h */,
				3F38EB401CCA6B9B006CF8D4 /* MMPRegionEvent.m */,
				3F38EB411CCA6B9B006CF8D4 /* MMPResourceTracker.h */,
				3F38EB421CCA6B9B006CF8D4 /* MMPResourceTracker.m */,
				3F38EB371CCA6949006CF8D4 /* Info.plist */,
			);
			path = MMPReactiveCoreLocation;
			sourceTree = "<group>";
		};
		3F38EB491CCA6C98006CF8D4 /* Frameworks */ = {
			isa = PBXGroup;
			children = (
				3F38EB4C1CCA6CDB006CF8D4 /* ReactiveCocoa.framework */,
				3F38EB4A1CCA6CBB006CF8D4 /* CoreLocation.framework */,
			);
			name = Frameworks;
			sourceTree = "<group>";
		};
/* End PBXGroup section */

/* Begin PBXHeadersBuildPhase section */
		3F38EB2F1CCA6949006CF8D4 /* Headers */ = {
			isa = PBXHeadersBuildPhase;
			buildActionMask = 2147483647;
			files = (
				3F38EB451CCA6B9B006CF8D4 /* MMPRegionEvent.h in Headers */,
				3F38EB471CCA6B9B006CF8D4 /* MMPResourceTracker.h in Headers */,
				3F38EB431CCA6B9B006CF8D4 /* MMPReactiveCoreLocation.h in Headers */,
			);
			runOnlyForDeploymentPostprocessing = 0;
		};
/* End PBXHeadersBuildPhase section */

/* Begin PBXNativeTarget section */
		3F38EB311CCA6949006CF8D4 /* MMPReactiveCoreLocation */ = {
			isa = PBXNativeTarget;
			buildConfigurationList = 3F38EB3A1CCA6949006CF8D4 /* Build configuration list for PBXNativeTarget "MMPReactiveCoreLocation" */;
			buildPhases = (
				3F38EB2D1CCA6949006CF8D4 /* Sources */,
				3F38EB2E1CCA6949006CF8D4 /* Frameworks */,
				3F38EB2F1CCA6949006CF8D4 /* Headers */,
				3F38EB301CCA6949006CF8D4 /* Resources */,
			);
			buildRules = (
			);
			dependencies = (
			);
			name = MMPReactiveCoreLocation;
			productName = MMPReactiveCoreLocation;
			productReference = 3F38EB321CCA6949006CF8D4 /* MMPReactiveCoreLocation.framework */;
			productType = "com.apple.product-type.framework";
		};
/* End PBXNativeTarget section */

/* Begin PBXProject section */
		3F38EB291CCA6949006CF8D4 /* Project object */ = {
			isa = PBXProject;
			attributes = {
				LastUpgradeCheck = 0730;
				ORGANIZATIONNAME = Behaiku;
				TargetAttributes = {
					3F38EB311CCA6949006CF8D4 = {
						CreatedOnToolsVersion = 7.3;
					};
				};
			};
			buildConfigurationList = 3F38EB2C1CCA6949006CF8D4 /* Build configuration list for PBXProject "MMPReactiveCoreLocation" */;
			compatibilityVersion = "Xcode 3.2";
			developmentRegion = English;
			hasScannedForEncodings = 0;
			knownRegions = (
				en,
			);
			mainGroup = 3F38EB281CCA6949006CF8D4;
			productRefGroup = 3F38EB331CCA6949006CF8D4 /* Products */;
			projectDirPath = "";
			projectRoot = "";
			targets = (
				3F38EB311CCA6949006CF8D4 /* MMPReactiveCoreLocation */,
			);
		};
/* End PBXProject section */

/* Begin PBXResourcesBuildPhase section */
		3F38EB301CCA6949006CF8D4 /* Resources */ = {
			isa = PBXResourcesBuildPhase;
			buildActionMask = 2147483647;
			files = (
			);
			runOnlyForDeploymentPostprocessing = 0;
		};
/* End PBXResourcesBuildPhase section */

/* Begin PBXSourcesBuildPhase section */
		3F38EB2D1CCA6949006CF8D4 /* Sources */ = {
			isa = PBXSourcesBuildPhase;
			buildActionMask = 2147483647;
			files = (
				3F38EB441CCA6B9B006CF8D4 /* MMPReactiveCoreLocation.m in Sources */,
				3F38EB461CCA6B9B006CF8D4 /* MMPRegionEvent.m in Sources */,
				3F38EB481CCA6B9B006CF8D4 /* MMPResourceTracker.m in Sources */,
			);
			runOnlyForDeploymentPostprocessing = 0;
		};
/* End PBXSourcesBuildPhase section */

/* Begin XCBuildConfiguration section */
		3F38EB381CCA6949006CF8D4 /* Debug */ = {
			isa = XCBuildConfiguration;
			buildSettings = {
				ALWAYS_SEARCH_USER_PATHS = NO;
				CLANG_ANALYZER_NONNULL = YES;
				CLANG_CXX_LANGUAGE_STANDARD = "gnu++0x";
				CLANG_CXX_LIBRARY = "libc++";
				CLANG_ENABLE_MODULES = YES;
				CLANG_ENABLE_OBJC_ARC = YES;
				CLANG_WARN_BOOL_CONVERSION = YES;
				CLANG_WARN_CONSTANT_CONVERSION = YES;
				CLANG_WARN_DIRECT_OBJC_ISA_USAGE = YES_ERROR;
				CLANG_WARN_EMPTY_BODY = YES;
				CLANG_WARN_ENUM_CONVERSION = YES;
				CLANG_WARN_INT_CONVERSION = YES;
				CLANG_WARN_OBJC_ROOT_CLASS = YES_ERROR;
				CLANG_WARN_UNREACHABLE_CODE = YES;
				CLANG_WARN__DUPLICATE_METHOD_MATCH = YES;
				"CODE_SIGN_IDENTITY[sdk=iphoneos*]" = "iPhone Developer";
				COPY_PHASE_STRIP = NO;
				CURRENT_PROJECT_VERSION = 1;
				DEBUG_INFORMATION_FORMAT = dwarf;
				ENABLE_STRICT_OBJC_MSGSEND = YES;
				ENABLE_TESTABILITY = YES;
				GCC_C_LANGUAGE_STANDARD = gnu99;
				GCC_DYNAMIC_NO_PIC = NO;
				GCC_NO_COMMON_BLOCKS = YES;
				GCC_OPTIMIZATION_LEVEL = 0;
				GCC_PREPROCESSOR_DEFINITIONS = (
					"DEBUG=1",
					"$(inherited)",
				);
				GCC_WARN_64_TO_32_BIT_CONVERSION = YES;
				GCC_WARN_ABOUT_RETURN_TYPE = YES_ERROR;
				GCC_WARN_UNDECLARED_SELECTOR = YES;
				GCC_WARN_UNINITIALIZED_AUTOS = YES_AGGRESSIVE;
				GCC_WARN_UNUSED_FUNCTION = YES;
				GCC_WARN_UNUSED_VARIABLE = YES;
				IPHONEOS_DEPLOYMENT_TARGET = 8.0;
				MTL_ENABLE_DEBUG_INFO = YES;
				ONLY_ACTIVE_ARCH = YES;
				SDKROOT = iphoneos;
				TARGETED_DEVICE_FAMILY = "1,2";
				VERSIONING_SYSTEM = "apple-generic";
				VERSION_INFO_PREFIX = "";
			};
			name = Debug;
		};
		3F38EB391CCA6949006CF8D4 /* Release */ = {
			isa = XCBuildConfiguration;
			buildSettings = {
				ALWAYS_SEARCH_USER_PATHS = NO;
				CLANG_ANALYZER_NONNULL = YES;
				CLANG_CXX_LANGUAGE_STANDARD = "gnu++0x";
				CLANG_CXX_LIBRARY = "libc++";
				CLANG_ENABLE_MODULES = YES;
				CLANG_ENABLE_OBJC_ARC = YES;
				CLANG_WARN_BOOL_CONVERSION = YES;
				CLANG_WARN_CONSTANT_CONVERSION = YES;
				CLANG_WARN_DIRECT_OBJC_ISA_USAGE = YES_ERROR;
				CLANG_WARN_EMPTY_BODY = YES;
				CLANG_WARN_ENUM_CONVERSION = YES;
				CLANG_WARN_INT_CONVERSION = YES;
				CLANG_WARN_OBJC_ROOT_CLASS = YES_ERROR;
				CLANG_WARN_UNREACHABLE_CODE = YES;
				CLANG_WARN__DUPLICATE_METHOD_MATCH = YES;
				"CODE_SIGN_IDENTITY[sdk=iphoneos*]" = "iPhone Developer";
				COPY_PHASE_STRIP = NO;
				CURRENT_PROJECT_VERSION = 1;
				DEBUG_INFORMATION_FORMAT = "dwarf-with-dsym";
				ENABLE_NS_ASSERTIONS = NO;
				ENABLE_STRICT_OBJC_MSGSEND = YES;
				GCC_C_LANGUAGE_STANDARD = gnu99;
				GCC_NO_COMMON_BLOCKS = YES;
				GCC_WARN_64_TO_32_BIT_CONVERSION = YES;
				GCC_WARN_ABOUT_RETURN_TYPE = YES_ERROR;
				GCC_WARN_UNDECLARED_SELECTOR = YES;
				GCC_WARN_UNINITIALIZED_AUTOS = YES_AGGRESSIVE;
				GCC_WARN_UNUSED_FUNCTION = YES;
				GCC_WARN_UNUSED_VARIABLE = YES;
				IPHONEOS_DEPLOYMENT_TARGET = 8.0;
				MTL_ENABLE_DEBUG_INFO = NO;
				SDKROOT = iphoneos;
				TARGETED_DEVICE_FAMILY = "1,2";
				VALIDATE_PRODUCT = YES;
				VERSIONING_SYSTEM = "apple-generic";
				VERSION_INFO_PREFIX = "";
			};
			name = Release;
		};
		3F38EB3B1CCA6949006CF8D4 /* Debug */ = {
			isa = XCBuildConfiguration;
			buildSettings = {
				DEFINES_MODULE = YES;
				DYLIB_COMPATIBILITY_VERSION = 1;
				DYLIB_CURRENT_VERSION = 1;
				DYLIB_INSTALL_NAME_BASE = "@rpath";
				FRAMEWORK_SEARCH_PATHS = (
					"$(inherited)",
					"$(PROJECT_DIR)/Carthage/Build/iOS",
				);
				INFOPLIST_FILE = MMPReactiveCoreLocation/Info.plist;
				INSTALL_PATH = "$(LOCAL_LIBRARY_DIR)/Frameworks";
				LD_RUNPATH_SEARCH_PATHS = "$(inherited) @executable_path/Frameworks @loader_path/Frameworks";
				PRODUCT_BUNDLE_IDENTIFIER = org.behaiku.MMPReactiveCoreLocation;
				PRODUCT_NAME = "$(TARGET_NAME)";
				SKIP_INSTALL = YES;
			};
			name = Debug;
		};
		3F38EB3C1CCA6949006CF8D4 /* Release */ = {
			isa = XCBuildConfiguration;
			buildSettings = {
				DEFINES_MODULE = YES;
				DYLIB_COMPATIBILITY_VERSION = 1;
				DYLIB_CURRENT_VERSION = 1;
				DYLIB_INSTALL_NAME_BASE = "@rpath";
				FRAMEWORK_SEARCH_PATHS = (
					"$(inherited)",
					"$(PROJECT_DIR)/Carthage/Build/iOS",
				);
				INFOPLIST_FILE = MMPReactiveCoreLocation/Info.plist;
				INSTALL_PATH = "$(LOCAL_LIBRARY_DIR)/Frameworks";
				LD_RUNPATH_SEARCH_PATHS = "$(inherited) @executable_path/Frameworks @loader_path/Frameworks";
				PRODUCT_BUNDLE_IDENTIFIER = org.behaiku.MMPReactiveCoreLocation;
				PRODUCT_NAME = "$(TARGET_NAME)";
				SKIP_INSTALL = YES;
			};
			name = Release;
		};
/* End XCBuildConfiguration section */

/* Begin XCConfigurationList section */
		3F38EB2C1CCA6949006CF8D4 /* Build configuration list for PBXProject "MMPReactiveCoreLocation" */ = {
			isa = XCConfigurationList;
			buildConfigurations = (
				3F38EB381CCA6949006CF8D4 /* Debug */,
				3F38EB391CCA6949006CF8D4 /* Release */,
			);
			defaultConfigurationIsVisible = 0;
			defaultConfigurationName = Release;
		};
		3F38EB3A1CCA6949006CF8D4 /* Build configuration list for PBXNativeTarget "MMPReactiveCoreLocation" */ = {
			isa = XCConfigurationList;
			buildConfigurations = (
				3F38EB3B1CCA6949006CF8D4 /* Debug */,
				3F38EB3C1CCA6949006CF8D4 /* Release */,
			);
			defaultConfigurationIsVisible = 0;
			defaultConfigurationName = Release;
		};
/* End XCConfigurationList section */
	};
	rootObject = 3F38EB291CCA6949006CF8D4 /* Project object */;
}
